schema: '2.0'
stages:
  data_ingestion:
    cmd: python laptop_project/pipeline/data_ingestion_pipeline.py
    deps:
    - path: laptop_project/pipeline/data_ingestion_pipeline.py
      hash: md5
      md5: 266c1a749654f9a80a0a0222f428aa3d
      size: 1474
    outs:
    - path: artifact/data_ingestion/feature_store/laptop.csv
      hash: md5
      md5: ee61af103a9aa7d9626393efd6be8f1b
      size: 72231
    - path: artifact/data_ingestion/ingested/test.csv
      hash: md5
      md5: 8b06c42834b13109418a9ab80735898c
      size: 14577
    - path: artifact/data_ingestion/ingested/train.csv
      hash: md5
      md5: 8179dc56318be8311d7273d1af52b564
      size: 57719
  data_validation:
    cmd: python laptop_project/pipeline/data_validation_pipeline.py
    deps:
    - path: laptop_project/pipeline/data_validation_pipeline.py
      hash: md5
      md5: ac6518341faf06fc6b5518c46f5084eb
      size: 2126
    outs:
    - path: artifact/data_validation/drift_report/report.yaml
      hash: md5
      md5: ee26e72183fdfd22d1fcbce686004aec
      size: 10354
  data_transformation:
    cmd: python laptop_project/pipeline/data_transformation_pipeline.py
    deps:
    - path: laptop_project/pipeline/data_transformation_pipeline.py
      hash: md5
      md5: 9dc0f6e3513ceff2e05d1b1a40eb2816
      size: 2565
    outs:
    - path: artifact/data_transformation/transformed/test.npy
      hash: md5
      md5: 0cc32b68fd5706bc4937e3bcd201f454
      size: 86528
    - path: artifact/data_transformation/transformed/train.npy
      hash: md5
      md5: 5fc14697aca83dd846abcb4f7d17baa6
      size: 345152
    - path: artifact/data_transformation/transformed_object/preprocessing.pkl
      hash: md5
      md5: f053fa54dc66383c2196582f9f5eca73
      size: 2844
  model_training:
    cmd: python laptop_project/pipeline/model_trainer_pipeline.py
    deps:
    - path: laptop_project/pipeline/model_trainer_pipeline.py
      hash: md5
      md5: aaac2b3e2471b46bf16dfacf1ed26c27
      size: 2847
    outs:
    - path: artifact/model_trainer/trained_model/model.pkl
      hash: md5
      md5: bc30eb4865809a2e8dbedccd7b0a3927
      size: 59962
  model_evaluation:
    cmd: python laptop_project/pipeline/model_evaluation_pipeline.py
    deps:
    - path: laptop_project/pipeline/model_evaluation_pipeline.py
      hash: md5
      md5: f229ce15c0fecbab36bf2f33591a1779
      size: 3425
  model_pusher:
    cmd: python laptop_project/pipeline/model_pusher_pipeline.py
    deps:
    - path: laptop_project/pipeline/model_pusher_pipeline.py
      hash: md5
      md5: 6778ce4988b45d7973345d75847b45d7
      size: 3787
